
Microsoft Visual Studio Solution File, Format Version 12.00
Project("{FAE04EC0-301F-11D3-BF4B-00C04F79EFBC}") = "Zadanie 4", "Zadanie 4\Zadanie 4.csproj", "{ED0852DA-A7B8-4A07-9EFD-04152A6DEF92}"
EndProject
Global
	GlobalSection(SolutionConfigurationPlatforms) = preSolution
		Debug|Any CPU = Debug|Any CPU
		Release|Any CPU = Release|Any CPU
	EndGlobalSection
	GlobalSection(ProjectConfigurationPlatforms) = postSolution
		{ED0852DA-A7B8-4A07-9EFD-04152A6DEF92}.Debug|Any CPU.ActiveCfg = Debug|Any CPU
		{ED0852DA-A7B8-4A07-9EFD-04152A6DEF92}.Debug|Any CPU.Build.0 = Debug|Any CPU
		{ED0852DA-A7B8-4A07-9EFD-04152A6DEF92}.Release|Any CPU.ActiveCfg = Release|Any CPU
		{ED0852DA-A7B8-4A07-9EFD-04152A6DEF92}.Release|Any CPU.Build.0 = Release|Any CPU
	EndGlobalSection
EndGlobal
