
Microsoft Visual Studio Solution File, Format Version 12.00
Project("{FAE04EC0-301F-11D3-BF4B-00C04F79EFBC}") = "Zadanie 8", "Zadanie 8\Zadanie 8.csproj", "{C9DE1F09-29E0-4CDE-BDB4-AE02CEBED14C}"
EndProject
Global
	GlobalSection(SolutionConfigurationPlatforms) = preSolution
		Debug|Any CPU = Debug|Any CPU
		Release|Any CPU = Release|Any CPU
	EndGlobalSection
	GlobalSection(ProjectConfigurationPlatforms) = postSolution
		{C9DE1F09-29E0-4CDE-BDB4-AE02CEBED14C}.Debug|Any CPU.ActiveCfg = Debug|Any CPU
		{C9DE1F09-29E0-4CDE-BDB4-AE02CEBED14C}.Debug|Any CPU.Build.0 = Debug|Any CPU
		{C9DE1F09-29E0-4CDE-BDB4-AE02CEBED14C}.Release|Any CPU.ActiveCfg = Release|Any CPU
		{C9DE1F09-29E0-4CDE-BDB4-AE02CEBED14C}.Release|Any CPU.Build.0 = Release|Any CPU
	EndGlobalSection
EndGlobal
