
Microsoft Visual Studio Solution File, Format Version 12.00
Project("{FAE04EC0-301F-11D3-BF4B-00C04F79EFBC}") = "Zadanie", "Zadanie\Zadanie.csproj", "{7D3A063E-1E50-427C-8087-D6312782AC6F}"
EndProject
Global
	GlobalSection(SolutionConfigurationPlatforms) = preSolution
		Debug|Any CPU = Debug|Any CPU
		Release|Any CPU = Release|Any CPU
	EndGlobalSection
	GlobalSection(ProjectConfigurationPlatforms) = postSolution
		{7D3A063E-1E50-427C-8087-D6312782AC6F}.Debug|Any CPU.ActiveCfg = Debug|Any CPU
		{7D3A063E-1E50-427C-8087-D6312782AC6F}.Debug|Any CPU.Build.0 = Debug|Any CPU
		{7D3A063E-1E50-427C-8087-D6312782AC6F}.Release|Any CPU.ActiveCfg = Release|Any CPU
		{7D3A063E-1E50-427C-8087-D6312782AC6F}.Release|Any CPU.Build.0 = Release|Any CPU
	EndGlobalSection
EndGlobal
