
Microsoft Visual Studio Solution File, Format Version 12.00
Project("{FAE04EC0-301F-11D3-BF4B-00C04F79EFBC}") = "Zadanie 2.2", "Zadanie 2.2\Zadanie 2.2.csproj", "{276CA648-81E6-4F00-9C4B-8A40D872068B}"
EndProject
Global
	GlobalSection(SolutionConfigurationPlatforms) = preSolution
		Debug|Any CPU = Debug|Any CPU
		Release|Any CPU = Release|Any CPU
	EndGlobalSection
	GlobalSection(ProjectConfigurationPlatforms) = postSolution
		{276CA648-81E6-4F00-9C4B-8A40D872068B}.Debug|Any CPU.ActiveCfg = Debug|Any CPU
		{276CA648-81E6-4F00-9C4B-8A40D872068B}.Debug|Any CPU.Build.0 = Debug|Any CPU
		{276CA648-81E6-4F00-9C4B-8A40D872068B}.Release|Any CPU.ActiveCfg = Release|Any CPU
		{276CA648-81E6-4F00-9C4B-8A40D872068B}.Release|Any CPU.Build.0 = Release|Any CPU
	EndGlobalSection
EndGlobal
