
Microsoft Visual Studio Solution File, Format Version 12.00
Project("{FAE04EC0-301F-11D3-BF4B-00C04F79EFBC}") = "Zadanie 2", "Zadanie 2\Zadanie 2.csproj", "{519B1A00-0C31-4C09-837C-2203FFED299B}"
EndProject
Global
	GlobalSection(SolutionConfigurationPlatforms) = preSolution
		Debug|Any CPU = Debug|Any CPU
		Release|Any CPU = Release|Any CPU
	EndGlobalSection
	GlobalSection(ProjectConfigurationPlatforms) = postSolution
		{519B1A00-0C31-4C09-837C-2203FFED299B}.Debug|Any CPU.ActiveCfg = Debug|Any CPU
		{519B1A00-0C31-4C09-837C-2203FFED299B}.Debug|Any CPU.Build.0 = Debug|Any CPU
		{519B1A00-0C31-4C09-837C-2203FFED299B}.Release|Any CPU.ActiveCfg = Release|Any CPU
		{519B1A00-0C31-4C09-837C-2203FFED299B}.Release|Any CPU.Build.0 = Release|Any CPU
	EndGlobalSection
EndGlobal
