
Microsoft Visual Studio Solution File, Format Version 12.00
Project("{FAE04EC0-301F-11D3-BF4B-00C04F79EFBC}") = "Zadanie 1", "Zadanie 1\Zadanie 1.csproj", "{86286485-C665-4170-B91F-AE6810FF1BEC}"
EndProject
Global
	GlobalSection(SolutionConfigurationPlatforms) = preSolution
		Debug|Any CPU = Debug|Any CPU
		Release|Any CPU = Release|Any CPU
	EndGlobalSection
	GlobalSection(ProjectConfigurationPlatforms) = postSolution
		{86286485-C665-4170-B91F-AE6810FF1BEC}.Debug|Any CPU.ActiveCfg = Debug|Any CPU
		{86286485-C665-4170-B91F-AE6810FF1BEC}.Debug|Any CPU.Build.0 = Debug|Any CPU
		{86286485-C665-4170-B91F-AE6810FF1BEC}.Release|Any CPU.ActiveCfg = Release|Any CPU
		{86286485-C665-4170-B91F-AE6810FF1BEC}.Release|Any CPU.Build.0 = Release|Any CPU
	EndGlobalSection
EndGlobal
