
Microsoft Visual Studio Solution File, Format Version 12.00
Project("{FAE04EC0-301F-11D3-BF4B-00C04F79EFBC}") = "Zadanie 3", "Zadanie 3\Zadanie 3.csproj", "{A6CBFB14-7C32-435B-9A9D-4086F377D433}"
EndProject
Global
	GlobalSection(SolutionConfigurationPlatforms) = preSolution
		Debug|Any CPU = Debug|Any CPU
		Release|Any CPU = Release|Any CPU
	EndGlobalSection
	GlobalSection(ProjectConfigurationPlatforms) = postSolution
		{A6CBFB14-7C32-435B-9A9D-4086F377D433}.Debug|Any CPU.ActiveCfg = Debug|Any CPU
		{A6CBFB14-7C32-435B-9A9D-4086F377D433}.Debug|Any CPU.Build.0 = Debug|Any CPU
		{A6CBFB14-7C32-435B-9A9D-4086F377D433}.Release|Any CPU.ActiveCfg = Release|Any CPU
		{A6CBFB14-7C32-435B-9A9D-4086F377D433}.Release|Any CPU.Build.0 = Release|Any CPU
	EndGlobalSection
EndGlobal
