
Microsoft Visual Studio Solution File, Format Version 12.00
Project("{FAE04EC0-301F-11D3-BF4B-00C04F79EFBC}") = "Zadanie 3", "Zadanie 3\Zadanie 3.csproj", "{1D272EB6-C739-4DDA-AEA0-4D893220D3FF}"
EndProject
Global
	GlobalSection(SolutionConfigurationPlatforms) = preSolution
		Debug|Any CPU = Debug|Any CPU
		Release|Any CPU = Release|Any CPU
	EndGlobalSection
	GlobalSection(ProjectConfigurationPlatforms) = postSolution
		{1D272EB6-C739-4DDA-AEA0-4D893220D3FF}.Debug|Any CPU.ActiveCfg = Debug|Any CPU
		{1D272EB6-C739-4DDA-AEA0-4D893220D3FF}.Debug|Any CPU.Build.0 = Debug|Any CPU
		{1D272EB6-C739-4DDA-AEA0-4D893220D3FF}.Release|Any CPU.ActiveCfg = Release|Any CPU
		{1D272EB6-C739-4DDA-AEA0-4D893220D3FF}.Release|Any CPU.Build.0 = Release|Any CPU
	EndGlobalSection
EndGlobal
